{
  "version": "5",
  "remote": {
    "https://edge.netlify.com/": "fd941d61d88673d5f28aab283fb86fcc50f08a3bc80ee5470498fcfa88c65cfb",
    "https://edge.netlify.com/bootstrap/config.ts": "6a2ce0e544e15e8f8883a5c18da5948e37fd0f2619f68cb31f3af53c51817025",
    "https://edge.netlify.com/bootstrap/context.ts": "e97240232121e2f369f6546ce961490f34d961ea1ea54be3ff09633e3f08373f",
    "https://edge.netlify.com/bootstrap/cookie.ts": "8b0baae708989ca183c6f3b4ab3d029e6abcbc2e43f93edeb0ff447b3bbc3a05",
    "https://edge.netlify.com/bootstrap/edge_function.ts": "b8253e86aa83c67341f5cfedeba5049d77fbf84dcab7eceff7566b7728ae9b39",
    "https://edge.netlify.com/bootstrap/globals/types.ts": "eaa6148ded3121d8dee62dd91c86e7fe76601df0f3ca8d7962243a30f4c8935f"
  },
  "workspace": {
    "packageJson": {
      "dependencies": [
        "npm:@ant-design/icons@^5.2.6",
        "npm:@ant-design/v5-patch-for-react-19@^1.0.3",
        "npm:@eslint/js@^9.29.0",
        "npm:@line/liff@^2.25.1",
        "npm:@react-email/components@0.4.0",
        "npm:@react-email/render@1.1.4",
        "npm:@react-oauth/google@~0.12.2",
        "npm:@reduxjs/toolkit@^2.8.2",
        "npm:@tailwindcss/vite@^4.1.11",
        "npm:@tanstack/react-query@^5.81.2",
        "npm:@tiptap/extension-bullet-list@^2.22.3",
        "npm:@tiptap/extension-color@^2.22.3",
        "npm:@tiptap/extension-highlight@^2.22.3",
        "npm:@tiptap/extension-image@^2.22.3",
        "npm:@tiptap/extension-link@^2.22.3",
        "npm:@tiptap/extension-list-item@^2.22.3",
        "npm:@tiptap/extension-ordered-list@^2.22.3",
        "npm:@tiptap/extension-table-cell@^2.22.3",
        "npm:@tiptap/extension-table-header@^2.22.3",
        "npm:@tiptap/extension-table-row@^2.22.3",
        "npm:@tiptap/extension-table@^2.22.3",
        "npm:@tiptap/extension-text-align@^2.22.3",
        "npm:@tiptap/extension-text-style@^2.22.3",
        "npm:@tiptap/pm@^2.22.3",
        "npm:@tiptap/react@^2.22.3",
        "npm:@tiptap/starter-kit@^2.22.3",
        "npm:@types/react-dom@^19.1.6",
        "npm:@types/react@^19.1.8",
        "npm:@vitejs/plugin-react-swc@^3.10.2",
        "npm:antd@^5.26.2",
        "npm:apexcharts@^4.7.0",
        "npm:axios@^1.10.0",
        "npm:browser-image-resizer@^2.4.1",
        "npm:clipboard-copy@^4.0.1",
        "npm:crypto-js@^4.2.0",
        "npm:dayjs@^1.11.13",
        "npm:eslint-plugin-react-hooks@^5.2.0",
        "npm:eslint-plugin-react-refresh@~0.4.20",
        "npm:eslint@^9.29.0",
        "npm:exceljs@^4.4.0",
        "npm:globals@^16.2.0",
        "npm:i18next-browser-languagedetector@^8.2.0",
        "npm:i18next-http-backend@^3.0.2",
        "npm:i18next@^25.2.1",
        "npm:js-cookie@^3.0.5",
        "npm:js-file-download@~0.4.12",
        "npm:jsencrypt@^3.3.2",
        "npm:jsonwebtoken@^9.0.2",
        "npm:jspdf@^3.0.1",
        "npm:jsqr@^1.4.0",
        "npm:lodash@^4.17.21",
        "npm:netlify-cli@^23.13.5",
        "npm:numeral@^2.0.6",
        "npm:react-apexcharts@^1.7.0",
        "npm:react-dnd-html5-backend@^16.0.1",
        "npm:react-dnd@^16.0.1",
        "npm:react-dom@^19.1.0",
        "npm:react-highlight-words@0.21",
        "npm:react-i18next@^15.5.3",
        "npm:react-icons@^5.5.0",
        "npm:react-infinite-scroll-component@^6.1.0",
        "npm:react-qrcode-logo@3",
        "npm:react-redux@^9.2.0",
        "npm:react-responsive@^10.0.1",
        "npm:react-router-dom@^7.6.2",
        "npm:react-signature-canvas@^1.1.0-alpha.2",
        "npm:react-slick@~0.30.3",
        "npm:react@^19.1.0",
        "npm:redux-persist-indexeddb-storage@^1.0.4",
        "npm:redux-persist@6",
        "npm:redux@^5.0.1",
        "npm:slick-carousel@^1.8.1",
        "npm:sweetalert2@^11.6.13",
        "npm:tailwind-scrollbar@^4.0.2",
        "npm:tailwindcss@^4.1.11",
        "npm:uuid@^11.1.0",
        "npm:vite@7"
      ]
    }
  }
}
